
Microsoft Visual Studio Solution File, Format Version 12.00
Project("{FAE04EC0-301F-11D3-BF4B-00C04F79EFBC}") = "CB_radio", "CB_radio\CB_radio.csproj", "{D078CADE-6DAB-435C-BCBB-73EDEE58BE2E}"
EndProject
Global
	GlobalSection(SolutionConfigurationPlatforms) = preSolution
		Debug|Any CPU = Debug|Any CPU
		Release|Any CPU = Release|Any CPU
	EndGlobalSection
	GlobalSection(ProjectConfigurationPlatforms) = postSolution
		{D078CADE-6DAB-435C-BCBB-73EDEE58BE2E}.Debug|Any CPU.ActiveCfg = Debug|Any CPU
		{D078CADE-6DAB-435C-BCBB-73EDEE58BE2E}.Debug|Any CPU.Build.0 = Debug|Any CPU
		{D078CADE-6DAB-435C-BCBB-73EDEE58BE2E}.Release|Any CPU.ActiveCfg = Release|Any CPU
		{D078CADE-6DAB-435C-BCBB-73EDEE58BE2E}.Release|Any CPU.Build.0 = Release|Any CPU
	EndGlobalSection
EndGlobal
